
Microsoft Visual Studio Solution File, Format Version 12.00
# Visual Studio Version 16
VisualStudioVersion = 16.0.30225.117
MinimumVisualStudioVersion = 10.0.40219.1
Project("{9A19103F-16F7-4668-BE54-9A1E7A4F7556}") = "AForum", "AForum\AForum.csproj", "{ADB1DE99-682B-42ED-95ED-7E63E5F213EC}"
EndProject
Global
	GlobalSection(SolutionConfigurationPlatforms) = preSolution
		Debug|Any CPU = Debug|Any CPU
		Release|Any CPU = Release|Any CPU
	EndGlobalSection
	GlobalSection(ProjectConfigurationPlatforms) = postSolution
		{ADB1DE99-682B-42ED-95ED-7E63E5F213EC}.Debug|Any CPU.ActiveCfg = Debug|Any CPU
		{ADB1DE99-682B-42ED-95ED-7E63E5F213EC}.Debug|Any CPU.Build.0 = Debug|Any CPU
		{ADB1DE99-682B-42ED-95ED-7E63E5F213EC}.Release|Any CPU.ActiveCfg = Release|Any CPU
		{ADB1DE99-682B-42ED-95ED-7E63E5F213EC}.Release|Any CPU.Build.0 = Release|Any CPU
	EndGlobalSection
	GlobalSection(SolutionProperties) = preSolution
		HideSolutionNode = FALSE
	EndGlobalSection
	GlobalSection(ExtensibilityGlobals) = postSolution
		SolutionGuid = {489631D0-9BFD-4A45-A8D6-1239D2CBE713}
	EndGlobalSection
EndGlobal
